// !$*UTF8*$!
{
	archiveVersion = 1;
	classes = {
	};
	objectVersion = 56;
	objects = {

/* Begin PBXBuildFile section */
		0126818B2F662FFE00C3BFAD /* AppDelegate.swift in Sources */ = {isa = PBXBuildFile; fileRef = 0126818A2F662FFE00C3BFAD /* AppDelegate.swift */; };
		A10001 /* AcuityProApp.swift in Sources */ = {isa = PBXBuildFile; fileRef = B10001 /* AcuityProApp.swift */; };
		A10002 /* OnboardingView.swift in Sources */ = {isa = PBXBuildFile; fileRef = B10002 /* OnboardingView.swift */; };
		A10003 /* OnboardingViewModel.swift in Sources */ = {isa = PBXBuildFile; fileRef = B10003 /* OnboardingViewModel.swift */; };
		A10004 /* CalibrationView.swift in Sources */ = {isa = PBXBuildFile; fileRef = B10004 /* CalibrationView.swift */; };
		A10005 /* CalibrationViewModel.swift in Sources */ = {isa = PBXBuildFile; fileRef = B10005 /* CalibrationViewModel.swift */; };
		/* Old EyeTest files removed */
		A10009 /* EyeCoverPromptView.swift in Sources */ = {isa = PBXBuildFile; fileRef = B10009 /* EyeCoverPromptView.swift */; };
		/* Old Results files removed */
		A10012 /* ARFaceTrackingService.swift in Sources */ = {isa = PBXBuildFile; fileRef = B10012 /* ARFaceTrackingService.swift */; };
		A10013 /* DistanceMeasurementService.swift in Sources */ = {isa = PBXBuildFile; fileRef = B10013 /* DistanceMeasurementService.swift */; };
		/* Old scoring/model/utility files removed */
		A10019 /* AccessibilityHelper.swift in Sources */ = {isa = PBXBuildFile; fileRef = B10019 /* AccessibilityHelper.swift */; };
		A10020 /* Assets.xcassets in Resources */ = {isa = PBXBuildFile; fileRef = B10020 /* Assets.xcassets */; };
		A10021 /* RefractionSession.swift in Sources */ = {isa = PBXBuildFile; fileRef = B10021 /* RefractionSession.swift */; };
		A10022 /* Prescription.swift in Sources */ = {isa = PBXBuildFile; fileRef = B10022 /* Prescription.swift */; };
		A10023 /* FarPointMeasurement.swift in Sources */ = {isa = PBXBuildFile; fileRef = B10023 /* FarPointMeasurement.swift */; };
		A10024 /* NearAddTable.swift in Sources */ = {isa = PBXBuildFile; fileRef = B10024 /* NearAddTable.swift */; };
		A10025 /* RefractionCalculationService.swift in Sources */ = {isa = PBXBuildFile; fileRef = B10025 /* RefractionCalculationService.swift */; };
		A10026 /* FarPointTrackingService.swift in Sources */ = {isa = PBXBuildFile; fileRef = B10026 /* FarPointTrackingService.swift */; };
		A10027 /* RefractionCoordinatorView.swift in Sources */ = {isa = PBXBuildFile; fileRef = B10027 /* RefractionCoordinatorView.swift */; };
		A10028 /* RefractionCoordinatorViewModel.swift in Sources */ = {isa = PBXBuildFile; fileRef = B10028 /* RefractionCoordinatorViewModel.swift */; };
		A10029 /* SphereTestView.swift in Sources */ = {isa = PBXBuildFile; fileRef = B10029 /* SphereTestView.swift */; };
		A10030 /* SphereTestViewModel.swift in Sources */ = {isa = PBXBuildFile; fileRef = B10030 /* SphereTestViewModel.swift */; };
		A10031 /* DistanceGaugeView.swift in Sources */ = {isa = PBXBuildFile; fileRef = B10031 /* DistanceGaugeView.swift */; };
		A10052 /* TumblingEView.swift in Sources */ = {isa = PBXBuildFile; fileRef = B10052 /* TumblingEView.swift */; };
		A10033 /* PhaseInstructionView.swift in Sources */ = {isa = PBXBuildFile; fileRef = B10033 /* PhaseInstructionView.swift */; };
		A10034 /* EyeCoverPromptView.swift in Sources */ = {isa = PBXBuildFile; fileRef = B10034 /* EyeCoverPromptView.swift */; };
		A10035 /* PrescriptionResultsView.swift in Sources */ = {isa = PBXBuildFile; fileRef = B10035 /* PrescriptionResultsView.swift */; };
		A10036 /* PrescriptionResultsViewModel.swift in Sources */ = {isa = PBXBuildFile; fileRef = B10036 /* PrescriptionResultsViewModel.swift */; };
		A10037 /* FanChartShape.swift in Sources */ = {isa = PBXBuildFile; fileRef = B10037 /* FanChartShape.swift */; };
		A10038 /* CylinderTestViewModel.swift in Sources */ = {isa = PBXBuildFile; fileRef = B10038 /* CylinderTestViewModel.swift */; };
		A10039 /* CylinderAxisView.swift in Sources */ = {isa = PBXBuildFile; fileRef = B10039 /* CylinderAxisView.swift */; };
		A10040 /* CylinderPowerView.swift in Sources */ = {isa = PBXBuildFile; fileRef = B10040 /* CylinderPowerView.swift */; };
		A10041 /* NearAddView.swift in Sources */ = {isa = PBXBuildFile; fileRef = B10041 /* NearAddView.swift */; };
		A10042 /* NearAddViewModel.swift in Sources */ = {isa = PBXBuildFile; fileRef = B10042 /* NearAddViewModel.swift */; };
		A10043 /* IntermediateAddView.swift in Sources */ = {isa = PBXBuildFile; fileRef = B10043 /* IntermediateAddView.swift */; };
		A10044 /* IntermediateAddViewModel.swift in Sources */ = {isa = PBXBuildFile; fileRef = B10044 /* IntermediateAddViewModel.swift */; };
		A10045 /* PupillaryDistanceService.swift in Sources */ = {isa = PBXBuildFile; fileRef = B10045 /* PupillaryDistanceService.swift */; };
		A10046 /* PDMeasurementView.swift in Sources */ = {isa = PBXBuildFile; fileRef = B10046 /* PDMeasurementView.swift */; };
		A10047 /* PDMeasurementViewModel.swift in Sources */ = {isa = PBXBuildFile; fileRef = B10047 /* PDMeasurementViewModel.swift */; };
		A10048 /* MasterEyeView.swift in Sources */ = {isa = PBXBuildFile; fileRef = B10048 /* MasterEyeView.swift */; };
		A10049 /* MasterEyeViewModel.swift in Sources */ = {isa = PBXBuildFile; fileRef = B10049 /* MasterEyeViewModel.swift */; };
		A10050 /* BinocularBalanceView.swift in Sources */ = {isa = PBXBuildFile; fileRef = B10050 /* BinocularBalanceView.swift */; };
		A10051 /* BinocularBalanceViewModel.swift in Sources */ = {isa = PBXBuildFile; fileRef = B10051 /* BinocularBalanceViewModel.swift */; };
/* End PBXBuildFile section */

/* Begin PBXFileReference section */
		012681892F652F6E00C3BFAD /* Info.plist */ = {isa = PBXFileReference; lastKnownFileType = text.plist.xml; path = Info.plist; sourceTree = "<group>"; };
		0126818A2F662FFE00C3BFAD /* AppDelegate.swift */ = {isa = PBXFileReference; lastKnownFileType = sourcecode.swift; path = AppDelegate.swift; sourceTree = "<group>"; };
		B10001 /* AcuityProApp.swift */ = {isa = PBXFileReference; lastKnownFileType = sourcecode.swift; path = AcuityProApp.swift; sourceTree = "<group>"; };
		B10002 /* OnboardingView.swift */ = {isa = PBXFileReference; lastKnownFileType = sourcecode.swift; path = OnboardingView.swift; sourceTree = "<group>"; };
		B10003 /* OnboardingViewModel.swift */ = {isa = PBXFileReference; lastKnownFileType = sourcecode.swift; path = OnboardingViewModel.swift; sourceTree = "<group>"; };
		B10004 /* CalibrationView.swift */ = {isa = PBXFileReference; lastKnownFileType = sourcecode.swift; path = CalibrationView.swift; sourceTree = "<group>"; };
		B10005 /* CalibrationViewModel.swift */ = {isa = PBXFileReference; lastKnownFileType = sourcecode.swift; path = CalibrationViewModel.swift; sourceTree = "<group>"; };
		B10006 /* EyeTestView.swift */ = {isa = PBXFileReference; lastKnownFileType = sourcecode.swift; path = EyeTestView.swift; sourceTree = "<group>"; };
		B10007 /* EyeTestViewModel.swift */ = {isa = PBXFileReference; lastKnownFileType = sourcecode.swift; path = EyeTestViewModel.swift; sourceTree = "<group>"; };
		B10008 /* ChartView.swift */ = {isa = PBXFileReference; lastKnownFileType = sourcecode.swift; path = ChartView.swift; sourceTree = "<group>"; };
		B10009 /* EyeCoverPromptView.swift */ = {isa = PBXFileReference; lastKnownFileType = sourcecode.swift; path = EyeCoverPromptView.swift; sourceTree = "<group>"; };
		B10010 /* ResultsView.swift */ = {isa = PBXFileReference; lastKnownFileType = sourcecode.swift; path = ResultsView.swift; sourceTree = "<group>"; };
		B10011 /* ResultsViewModel.swift */ = {isa = PBXFileReference; lastKnownFileType = sourcecode.swift; path = ResultsViewModel.swift; sourceTree = "<group>"; };
		B10012 /* ARFaceTrackingService.swift */ = {isa = PBXFileReference; lastKnownFileType = sourcecode.swift; path = ARFaceTrackingService.swift; sourceTree = "<group>"; };
		B10013 /* DistanceMeasurementService.swift */ = {isa = PBXFileReference; lastKnownFileType = sourcecode.swift; path = DistanceMeasurementService.swift; sourceTree = "<group>"; };
		B10014 /* EyeTestScoringService.swift */ = {isa = PBXFileReference; lastKnownFileType = sourcecode.swift; path = EyeTestScoringService.swift; sourceTree = "<group>"; };
		B10015 /* TestSession.swift */ = {isa = PBXFileReference; lastKnownFileType = sourcecode.swift; path = TestSession.swift; sourceTree = "<group>"; };
		B10016 /* EyeTestResult.swift */ = {isa = PBXFileReference; lastKnownFileType = sourcecode.swift; path = EyeTestResult.swift; sourceTree = "<group>"; };
		B10017 /* VisualAcuityScale.swift */ = {isa = PBXFileReference; lastKnownFileType = sourcecode.swift; path = VisualAcuityScale.swift; sourceTree = "<group>"; };
		B10018 /* ChartScaler.swift */ = {isa = PBXFileReference; lastKnownFileType = sourcecode.swift; path = ChartScaler.swift; sourceTree = "<group>"; };
		B10019 /* AccessibilityHelper.swift */ = {isa = PBXFileReference; lastKnownFileType = sourcecode.swift; path = AccessibilityHelper.swift; sourceTree = "<group>"; };
		B10020 /* Assets.xcassets */ = {isa = PBXFileReference; lastKnownFileType = folder.assetcatalog; path = Assets.xcassets; sourceTree = "<group>"; };
		D10001 /* AcuityPro.app */ = {isa = PBXFileReference; explicitFileType = wrapper.application; includeInIndex = 0; path = AcuityPro.app; sourceTree = BUILT_PRODUCTS_DIR; };
		B10021 /* RefractionSession.swift */ = {isa = PBXFileReference; lastKnownFileType = sourcecode.swift; path = RefractionSession.swift; sourceTree = "<group>"; };
		B10022 /* Prescription.swift */ = {isa = PBXFileReference; lastKnownFileType = sourcecode.swift; path = Prescription.swift; sourceTree = "<group>"; };
		B10023 /* FarPointMeasurement.swift */ = {isa = PBXFileReference; lastKnownFileType = sourcecode.swift; path = FarPointMeasurement.swift; sourceTree = "<group>"; };
		B10024 /* NearAddTable.swift */ = {isa = PBXFileReference; lastKnownFileType = sourcecode.swift; path = NearAddTable.swift; sourceTree = "<group>"; };
		B10025 /* RefractionCalculationService.swift */ = {isa = PBXFileReference; lastKnownFileType = sourcecode.swift; path = RefractionCalculationService.swift; sourceTree = "<group>"; };
		B10026 /* FarPointTrackingService.swift */ = {isa = PBXFileReference; lastKnownFileType = sourcecode.swift; path = FarPointTrackingService.swift; sourceTree = "<group>"; };
		B10027 /* RefractionCoordinatorView.swift */ = {isa = PBXFileReference; lastKnownFileType = sourcecode.swift; path = RefractionCoordinatorView.swift; sourceTree = "<group>"; };
		B10028 /* RefractionCoordinatorViewModel.swift */ = {isa = PBXFileReference; lastKnownFileType = sourcecode.swift; path = RefractionCoordinatorViewModel.swift; sourceTree = "<group>"; };
		B10029 /* SphereTestView.swift */ = {isa = PBXFileReference; lastKnownFileType = sourcecode.swift; path = SphereTestView.swift; sourceTree = "<group>"; };
		B10030 /* SphereTestViewModel.swift */ = {isa = PBXFileReference; lastKnownFileType = sourcecode.swift; path = SphereTestViewModel.swift; sourceTree = "<group>"; };
		B10031 /* DistanceGaugeView.swift */ = {isa = PBXFileReference; lastKnownFileType = sourcecode.swift; path = DistanceGaugeView.swift; sourceTree = "<group>"; };
		B10052 /* TumblingEView.swift */ = {isa = PBXFileReference; lastKnownFileType = sourcecode.swift; path = TumblingEView.swift; sourceTree = "<group>"; };
		B10033 /* PhaseInstructionView.swift */ = {isa = PBXFileReference; lastKnownFileType = sourcecode.swift; path = PhaseInstructionView.swift; sourceTree = "<group>"; };
		B10034 /* EyeCoverPromptView.swift */ = {isa = PBXFileReference; lastKnownFileType = sourcecode.swift; path = EyeCoverPromptView.swift; sourceTree = "<group>"; };
		B10035 /* PrescriptionResultsView.swift */ = {isa = PBXFileReference; lastKnownFileType = sourcecode.swift; path = PrescriptionResultsView.swift; sourceTree = "<group>"; };
		B10036 /* PrescriptionResultsViewModel.swift */ = {isa = PBXFileReference; lastKnownFileType = sourcecode.swift; path = PrescriptionResultsViewModel.swift; sourceTree = "<group>"; };
		B10037 /* FanChartShape.swift */ = {isa = PBXFileReference; lastKnownFileType = sourcecode.swift; path = FanChartShape.swift; sourceTree = "<group>"; };
		B10038 /* CylinderTestViewModel.swift */ = {isa = PBXFileReference; lastKnownFileType = sourcecode.swift; path = CylinderTestViewModel.swift; sourceTree = "<group>"; };
		B10039 /* CylinderAxisView.swift */ = {isa = PBXFileReference; lastKnownFileType = sourcecode.swift; path = CylinderAxisView.swift; sourceTree = "<group>"; };
		B10040 /* CylinderPowerView.swift */ = {isa = PBXFileReference; lastKnownFileType = sourcecode.swift; path = CylinderPowerView.swift; sourceTree = "<group>"; };
		B10041 /* NearAddView.swift */ = {isa = PBXFileReference; lastKnownFileType = sourcecode.swift; path = NearAddView.swift; sourceTree = "<group>"; };
		B10042 /* NearAddViewModel.swift */ = {isa = PBXFileReference; lastKnownFileType = sourcecode.swift; path = NearAddViewModel.swift; sourceTree = "<group>"; };
		B10043 /* IntermediateAddView.swift */ = {isa = PBXFileReference; lastKnownFileType = sourcecode.swift; path = IntermediateAddView.swift; sourceTree = "<group>"; };
		B10044 /* IntermediateAddViewModel.swift */ = {isa = PBXFileReference; lastKnownFileType = sourcecode.swift; path = IntermediateAddViewModel.swift; sourceTree = "<group>"; };
		B10045 /* PupillaryDistanceService.swift */ = {isa = PBXFileReference; lastKnownFileType = sourcecode.swift; path = PupillaryDistanceService.swift; sourceTree = "<group>"; };
		B10046 /* PDMeasurementView.swift */ = {isa = PBXFileReference; lastKnownFileType = sourcecode.swift; path = PDMeasurementView.swift; sourceTree = "<group>"; };
		B10047 /* PDMeasurementViewModel.swift */ = {isa = PBXFileReference; lastKnownFileType = sourcecode.swift; path = PDMeasurementViewModel.swift; sourceTree = "<group>"; };
		B10048 /* MasterEyeView.swift */ = {isa = PBXFileReference; lastKnownFileType = sourcecode.swift; path = MasterEyeView.swift; sourceTree = "<group>"; };
		B10049 /* MasterEyeViewModel.swift */ = {isa = PBXFileReference; lastKnownFileType = sourcecode.swift; path = MasterEyeViewModel.swift; sourceTree = "<group>"; };
		B10050 /* BinocularBalanceView.swift */ = {isa = PBXFileReference; lastKnownFileType = sourcecode.swift; path = BinocularBalanceView.swift; sourceTree = "<group>"; };
		B10051 /* BinocularBalanceViewModel.swift */ = {isa = PBXFileReference; lastKnownFileType = sourcecode.swift; path = BinocularBalanceViewModel.swift; sourceTree = "<group>"; };
/* End PBXFileReference section */

/* Begin PBXFrameworksBuildPhase section */
		E10001 /* Frameworks */ = {
			isa = PBXFrameworksBuildPhase;
			buildActionMask = 2147483647;
			files = (
			);
			runOnlyForDeploymentPostprocessing = 0;
		};
/* End PBXFrameworksBuildPhase section */

/* Begin PBXGroup section */
		C10000 = {
			isa = PBXGroup;
			children = (
				C10001 /* AcuityPro */,
				C10099 /* Products */,
				012681892F652F6E00C3BFAD /* Info.plist */,
			);
			sourceTree = "<group>";
		};
		C10001 /* AcuityPro */ = {
			isa = PBXGroup;
			children = (
				C10002 /* App */,
				C10003 /* Features */,
				C10008 /* Services */,
				C10009 /* Models */,
				C10010 /* Utilities */,
				C10011 /* Resources */,
			);
			path = AcuityPro;
			sourceTree = "<group>";
		};
		C10002 /* App */ = {
			isa = PBXGroup;
			children = (
				B10001 /* AcuityProApp.swift */,
				0126818A2F662FFE00C3BFAD /* AppDelegate.swift */,
			);
			path = App;
			sourceTree = "<group>";
		};
		C10003 /* Features */ = {
			isa = PBXGroup;
			children = (
				C10004 /* Onboarding */,
				C10005 /* Calibration */,
				C10012 /* Refraction */,
				C10007 /* Results */,
			);
			path = Features;
			sourceTree = "<group>";
		};
		C10004 /* Onboarding */ = {
			isa = PBXGroup;
			children = (
				B10002 /* OnboardingView.swift */,
				B10003 /* OnboardingViewModel.swift */,
			);
			path = Onboarding;
			sourceTree = "<group>";
		};
		C10005 /* Calibration */ = {
			isa = PBXGroup;
			children = (
				B10004 /* CalibrationView.swift */,
				B10005 /* CalibrationViewModel.swift */,
			);
			path = Calibration;
			sourceTree = "<group>";
		};
		/* C10006 EyeTest group removed — replaced by Refraction */
		C10007 /* Results */ = {
			isa = PBXGroup;
			children = (
				B10035 /* PrescriptionResultsView.swift */,
				B10036 /* PrescriptionResultsViewModel.swift */,
			);
			path = Results;
			sourceTree = "<group>";
		};
		C10012 /* Refraction */ = {
			isa = PBXGroup;
			children = (
				B10027 /* RefractionCoordinatorView.swift */,
				B10028 /* RefractionCoordinatorViewModel.swift */,
				C10013 /* Sphere */,
				C10016 /* Cylinder */,
				C10017 /* BinocularBalance */,
				C10018 /* NearAdd */,
				C10019 /* IntermediateAdd */,
				C10020 /* MasterEye */,
				C10021 /* PupillaryDistance */,
				C10014 /* Shared */,
			);
			path = Refraction;
			sourceTree = "<group>";
		};
		C10017 /* BinocularBalance */ = {
			isa = PBXGroup;
			children = (
				B10050 /* BinocularBalanceView.swift */,
				B10051 /* BinocularBalanceViewModel.swift */,
			);
			path = BinocularBalance;
			sourceTree = "<group>";
		};
		C10018 /* NearAdd */ = {
			isa = PBXGroup;
			children = (
				B10041 /* NearAddView.swift */,
				B10042 /* NearAddViewModel.swift */,
			);
			path = NearAdd;
			sourceTree = "<group>";
		};
		C10019 /* IntermediateAdd */ = {
			isa = PBXGroup;
			children = (
				B10043 /* IntermediateAddView.swift */,
				B10044 /* IntermediateAddViewModel.swift */,
			);
			path = IntermediateAdd;
			sourceTree = "<group>";
		};
		C10020 /* MasterEye */ = {
			isa = PBXGroup;
			children = (
				B10048 /* MasterEyeView.swift */,
				B10049 /* MasterEyeViewModel.swift */,
			);
			path = MasterEye;
			sourceTree = "<group>";
		};
		C10021 /* PupillaryDistance */ = {
			isa = PBXGroup;
			children = (
				B10046 /* PDMeasurementView.swift */,
				B10047 /* PDMeasurementViewModel.swift */,
			);
			path = PupillaryDistance;
			sourceTree = "<group>";
		};
		C10016 /* Cylinder */ = {
			isa = PBXGroup;
			children = (
				B10038 /* CylinderTestViewModel.swift */,
				B10039 /* CylinderAxisView.swift */,
				B10040 /* CylinderPowerView.swift */,
			);
			path = Cylinder;
			sourceTree = "<group>";
		};
		C10013 /* Sphere */ = {
			isa = PBXGroup;
			children = (
				B10029 /* SphereTestView.swift */,
				B10030 /* SphereTestViewModel.swift */,
			);
			path = Sphere;
			sourceTree = "<group>";
		};
		C10014 /* Shared */ = {
			isa = PBXGroup;
			children = (
				B10031 /* DistanceGaugeView.swift */,
				B10033 /* PhaseInstructionView.swift */,
				B10034 /* EyeCoverPromptView.swift */,
				C10015 /* TargetViews */,
			);
			path = Shared;
			sourceTree = "<group>";
		};
		C10015 /* TargetViews */ = {
			isa = PBXGroup;
			children = (
				B10052 /* TumblingEView.swift */,
				B10037 /* FanChartShape.swift */,
			);
			path = TargetViews;
			sourceTree = "<group>";
		};
		C10008 /* Services */ = {
			isa = PBXGroup;
			children = (
				B10012 /* ARFaceTrackingService.swift */,
				B10013 /* DistanceMeasurementService.swift */,
				B10025 /* RefractionCalculationService.swift */,
				B10026 /* FarPointTrackingService.swift */,
				B10045 /* PupillaryDistanceService.swift */,
			);
			path = Services;
			sourceTree = "<group>";
		};
		C10009 /* Models */ = {
			isa = PBXGroup;
			children = (
				B10021 /* RefractionSession.swift */,
				B10022 /* Prescription.swift */,
				B10023 /* FarPointMeasurement.swift */,
				B10024 /* NearAddTable.swift */,
			);
			path = Models;
			sourceTree = "<group>";
		};
		C10010 /* Utilities */ = {
			isa = PBXGroup;
			children = (
				B10019 /* AccessibilityHelper.swift */,
			);
			path = Utilities;
			sourceTree = "<group>";
		};
		C10011 /* Resources */ = {
			isa = PBXGroup;
			children = (
				B10020 /* Assets.xcassets */,
			);
			path = Resources;
			sourceTree = "<group>";
		};
		C10099 /* Products */ = {
			isa = PBXGroup;
			children = (
				D10001 /* AcuityPro.app */,
			);
			name = Products;
			sourceTree = "<group>";
		};
/* End PBXGroup section */

/* Begin PBXNativeTarget section */
		F10001 /* AcuityPro */ = {
			isa = PBXNativeTarget;
			buildConfigurationList = F10004 /* Build configuration list for PBXNativeTarget "AcuityPro" */;
			buildPhases = (
				F10002 /* Sources */,
				E10001 /* Frameworks */,
				F10003 /* Resources */,
			);
			buildRules = (
			);
			dependencies = (
			);
			name = AcuityPro;
			productName = AcuityPro;
			productReference = D10001 /* AcuityPro.app */;
			productType = "com.apple.product-type.application";
		};
/* End PBXNativeTarget section */

/* Begin PBXProject section */
		F10000 /* Project object */ = {
			isa = PBXProject;
			attributes = {
				BuildIndependentTargetsInParallel = 1;
				LastSwiftUpdateCheck = 1500;
				LastUpgradeCheck = 2630;
				TargetAttributes = {
					F10001 = {
						CreatedOnToolsVersion = 15.0;
					};
				};
			};
			buildConfigurationList = F10005 /* Build configuration list for PBXProject "AcuityPro" */;
			compatibilityVersion = "Xcode 14.0";
			developmentRegion = en;
			hasScannedForEncodings = 0;
			knownRegions = (
				en,
				Base,
			);
			mainGroup = C10000;
			productRefGroup = C10099 /* Products */;
			projectDirPath = "";
			projectRoot = "";
			targets = (
				F10001 /* AcuityPro */,
			);
		};
/* End PBXProject section */

/* Begin PBXResourcesBuildPhase section */
		F10003 /* Resources */ = {
			isa = PBXResourcesBuildPhase;
			buildActionMask = 2147483647;
			files = (
				A10020 /* Assets.xcassets in Resources */,
			);
			runOnlyForDeploymentPostprocessing = 0;
		};
/* End PBXResourcesBuildPhase section */

/* Begin PBXSourcesBuildPhase section */
		F10002 /* Sources */ = {
			isa = PBXSourcesBuildPhase;
			buildActionMask = 2147483647;
			files = (
				A10001 /* AcuityProApp.swift in Sources */,
				A10002 /* OnboardingView.swift in Sources */,
				A10003 /* OnboardingViewModel.swift in Sources */,
				A10004 /* CalibrationView.swift in Sources */,
				A10005 /* CalibrationViewModel.swift in Sources */,
				A10012 /* ARFaceTrackingService.swift in Sources */,
				A10013 /* DistanceMeasurementService.swift in Sources */,
				0126818B2F662FFE00C3BFAD /* AppDelegate.swift in Sources */,
				A10019 /* AccessibilityHelper.swift in Sources */,
				A10021 /* RefractionSession.swift in Sources */,
				A10022 /* Prescription.swift in Sources */,
				A10023 /* FarPointMeasurement.swift in Sources */,
				A10024 /* NearAddTable.swift in Sources */,
				A10025 /* RefractionCalculationService.swift in Sources */,
				A10026 /* FarPointTrackingService.swift in Sources */,
				A10027 /* RefractionCoordinatorView.swift in Sources */,
				A10028 /* RefractionCoordinatorViewModel.swift in Sources */,
				A10029 /* SphereTestView.swift in Sources */,
				A10030 /* SphereTestViewModel.swift in Sources */,
				A10031 /* DistanceGaugeView.swift in Sources */,
				A10052 /* TumblingEView.swift in Sources */,
				A10033 /* PhaseInstructionView.swift in Sources */,
				A10034 /* EyeCoverPromptView.swift in Sources */,
				A10035 /* PrescriptionResultsView.swift in Sources */,
				A10036 /* PrescriptionResultsViewModel.swift in Sources */,
				A10037 /* FanChartShape.swift in Sources */,
				A10038 /* CylinderTestViewModel.swift in Sources */,
				A10039 /* CylinderAxisView.swift in Sources */,
				A10040 /* CylinderPowerView.swift in Sources */,
				A10041 /* NearAddView.swift in Sources */,
				A10042 /* NearAddViewModel.swift in Sources */,
				A10043 /* IntermediateAddView.swift in Sources */,
				A10044 /* IntermediateAddViewModel.swift in Sources */,
				A10045 /* PupillaryDistanceService.swift in Sources */,
				A10046 /* PDMeasurementView.swift in Sources */,
				A10047 /* PDMeasurementViewModel.swift in Sources */,
				A10048 /* MasterEyeView.swift in Sources */,
				A10049 /* MasterEyeViewModel.swift in Sources */,
				A10050 /* BinocularBalanceView.swift in Sources */,
				A10051 /* BinocularBalanceViewModel.swift in Sources */,
			);
			runOnlyForDeploymentPostprocessing = 0;
		};
/* End PBXSourcesBuildPhase section */

/* Begin XCBuildConfiguration section */
		G10001 /* Debug */ = {
			isa = XCBuildConfiguration;
			buildSettings = {
				ALWAYS_SEARCH_USER_PATHS = NO;
				ASSETCATALOG_COMPILER_GENERATE_SWIFT_ASSET_SYMBOL_EXTENSIONS = YES;
				CLANG_ANALYZER_NONNULL = YES;
				CLANG_ANALYZER_NUMBER_OBJECT_CONVERSION = YES_AGGRESSIVE;
				CLANG_CXX_LANGUAGE_STANDARD = "gnu++20";
				CLANG_ENABLE_MODULES = YES;
				CLANG_ENABLE_OBJC_ARC = YES;
				CLANG_ENABLE_OBJC_WEAK = YES;
				CLANG_WARN_BLOCK_CAPTURE_AUTORELEASING = YES;
				CLANG_WARN_BOOL_CONVERSION = YES;
				CLANG_WARN_COMMA = YES;
				CLANG_WARN_CONSTANT_CONVERSION = YES;
				CLANG_WARN_DEPRECATED_OBJC_IMPLEMENTATIONS = YES;
				CLANG_WARN_DIRECT_OBJC_ISA_USAGE = YES_ERROR;
				CLANG_WARN_DOCUMENTATION_COMMENTS = YES;
				CLANG_WARN_EMPTY_BODY = YES;
				CLANG_WARN_ENUM_CONVERSION = YES;
				CLANG_WARN_INFINITE_RECURSION = YES;
				CLANG_WARN_INT_CONVERSION = YES;
				CLANG_WARN_NON_LITERAL_NULL_CONVERSION = YES;
				CLANG_WARN_OBJC_IMPLICIT_RETAIN_SELF = YES;
				CLANG_WARN_OBJC_LITERAL_CONVERSION = YES;
				CLANG_WARN_OBJC_ROOT_CLASS = YES_ERROR;
				CLANG_WARN_QUOTED_INCLUDE_IN_FRAMEWORK_HEADER = YES;
				CLANG_WARN_RANGE_LOOP_ANALYSIS = YES;
				CLANG_WARN_STRICT_PROTOTYPES = YES;
				CLANG_WARN_SUSPICIOUS_MOVE = YES;
				CLANG_WARN_UNGUARDED_AVAILABILITY = YES_AGGRESSIVE;
				CLANG_WARN_UNREACHABLE_CODE = YES;
				CLANG_WARN__DUPLICATE_METHOD_MATCH = YES;
				COPY_PHASE_STRIP = NO;
				DEBUG_INFORMATION_FORMAT = dwarf;
				DEVELOPMENT_TEAM = HGFA878PUD;
				ENABLE_STRICT_OBJC_MSGSEND = YES;
				ENABLE_TESTABILITY = YES;
				ENABLE_USER_SCRIPT_SANDBOXING = YES;
				GCC_C_LANGUAGE_STANDARD = gnu17;
				GCC_DYNAMIC_NO_PIC = NO;
				GCC_NO_COMMON_BLOCKS = YES;
				GCC_OPTIMIZATION_LEVEL = 0;
				GCC_PREPROCESSOR_DEFINITIONS = (
					"DEBUG=1",
					"$(inherited)",
				);
				GCC_WARN_64_TO_32_BIT_CONVERSION = YES;
				GCC_WARN_ABOUT_RETURN_TYPE = YES_ERROR;
				GCC_WARN_UNDECLARED_SELECTOR = YES;
				GCC_WARN_UNINITIALIZED_AUTOS = YES_AGGRESSIVE;
				GCC_WARN_UNUSED_FUNCTION = YES;
				GCC_WARN_UNUSED_VARIABLE = YES;
				IPHONEOS_DEPLOYMENT_TARGET = 17.0;
				MTL_ENABLE_DEBUG_INFO = INCLUDE_SOURCE;
				MTL_FAST_MATH = YES;
				ONLY_ACTIVE_ARCH = YES;
				SDKROOT = iphoneos;
				STRING_CATALOG_GENERATE_SYMBOLS = YES;
				SWIFT_ACTIVE_COMPILATION_CONDITIONS = "DEBUG $(inherited)";
				SWIFT_OPTIMIZATION_LEVEL = "-Onone";
			};
			name = Debug;
		};
		G10002 /* Release */ = {
			isa = XCBuildConfiguration;
			buildSettings = {
				ALWAYS_SEARCH_USER_PATHS = NO;
				ASSETCATALOG_COMPILER_GENERATE_SWIFT_ASSET_SYMBOL_EXTENSIONS = YES;
				CLANG_ANALYZER_NONNULL = YES;
				CLANG_ANALYZER_NUMBER_OBJECT_CONVERSION = YES_AGGRESSIVE;
				CLANG_CXX_LANGUAGE_STANDARD = "gnu++20";
				CLANG_ENABLE_MODULES = YES;
				CLANG_ENABLE_OBJC_ARC = YES;
				CLANG_ENABLE_OBJC_WEAK = YES;
				CLANG_WARN_BLOCK_CAPTURE_AUTORELEASING = YES;
				CLANG_WARN_BOOL_CONVERSION = YES;
				CLANG_WARN_COMMA = YES;
				CLANG_WARN_CONSTANT_CONVERSION = YES;
				CLANG_WARN_DEPRECATED_OBJC_IMPLEMENTATIONS = YES;
				CLANG_WARN_DIRECT_OBJC_ISA_USAGE = YES_ERROR;
				CLANG_WARN_DOCUMENTATION_COMMENTS = YES;
				CLANG_WARN_EMPTY_BODY = YES;
				CLANG_WARN_ENUM_CONVERSION = YES;
				CLANG_WARN_INFINITE_RECURSION = YES;
				CLANG_WARN_INT_CONVERSION = YES;
				CLANG_WARN_NON_LITERAL_NULL_CONVERSION = YES;
				CLANG_WARN_OBJC_IMPLICIT_RETAIN_SELF = YES;
				CLANG_WARN_OBJC_LITERAL_CONVERSION = YES;
				CLANG_WARN_OBJC_ROOT_CLASS = YES_ERROR;
				CLANG_WARN_QUOTED_INCLUDE_IN_FRAMEWORK_HEADER = YES;
				CLANG_WARN_RANGE_LOOP_ANALYSIS = YES;
				CLANG_WARN_STRICT_PROTOTYPES = YES;
				CLANG_WARN_SUSPICIOUS_MOVE = YES;
				CLANG_WARN_UNGUARDED_AVAILABILITY = YES_AGGRESSIVE;
				CLANG_WARN_UNREACHABLE_CODE = YES;
				CLANG_WARN__DUPLICATE_METHOD_MATCH = YES;
				COPY_PHASE_STRIP = NO;
				DEBUG_INFORMATION_FORMAT = "dwarf-with-dsym";
				DEVELOPMENT_TEAM = HGFA878PUD;
				ENABLE_NS_ASSERTIONS = NO;
				ENABLE_STRICT_OBJC_MSGSEND = YES;
				ENABLE_USER_SCRIPT_SANDBOXING = YES;
				GCC_C_LANGUAGE_STANDARD = gnu17;
				GCC_NO_COMMON_BLOCKS = YES;
				GCC_WARN_64_TO_32_BIT_CONVERSION = YES;
				GCC_WARN_ABOUT_RETURN_TYPE = YES_ERROR;
				GCC_WARN_UNDECLARED_SELECTOR = YES;
				GCC_WARN_UNINITIALIZED_AUTOS = YES_AGGRESSIVE;
				GCC_WARN_UNUSED_FUNCTION = YES;
				GCC_WARN_UNUSED_VARIABLE = YES;
				IPHONEOS_DEPLOYMENT_TARGET = 17.0;
				MTL_ENABLE_DEBUG_INFO = NO;
				MTL_FAST_MATH = YES;
				SDKROOT = iphoneos;
				STRING_CATALOG_GENERATE_SYMBOLS = YES;
				SWIFT_COMPILATION_MODE = wholemodule;
				VALIDATE_PRODUCT = YES;
			};
			name = Release;
		};
		G10003 /* Debug */ = {
			isa = XCBuildConfiguration;
			buildSettings = {
				ASSETCATALOG_COMPILER_APPICON_NAME = AppIcon;
				ASSETCATALOG_COMPILER_GLOBAL_ACCENT_COLOR_NAME = AccentColor;
				CODE_SIGN_STYLE = Automatic;
				CURRENT_PROJECT_VERSION = 1;
				ENABLE_PREVIEWS = YES;
				GENERATE_INFOPLIST_FILE = YES;
				INFOPLIST_FILE = Info.plist;
				INFOPLIST_KEY_NSCameraUsageDescription = "AcuityPro uses the camera to measure your distance from the screen and ensure accurate vision testing.";
				INFOPLIST_KEY_UIApplicationSceneManifest_Generation = YES;
				INFOPLIST_KEY_UIApplicationSupportsIndirectInputEvents = YES;
				INFOPLIST_KEY_UILaunchScreen_Generation = YES;
				INFOPLIST_KEY_UISupportedInterfaceOrientations = "UIInterfaceOrientationLandscapeLeft UIInterfaceOrientationLandscapeRight UIInterfaceOrientationPortrait";
				LD_RUNPATH_SEARCH_PATHS = (
					"$(inherited)",
					"@executable_path/Frameworks",
				);
				MARKETING_VERSION = 2.1;
				PRODUCT_BUNDLE_IDENTIFIER = net.ausimian.acuitypro;
				PRODUCT_NAME = "$(TARGET_NAME)";
				SUPPORTED_PLATFORMS = "iphoneos iphonesimulator";
				SUPPORTS_MACCATALYST = NO;
				SWIFT_EMIT_LOC_STRINGS = YES;
				SWIFT_VERSION = 5.0;
				TARGETED_DEVICE_FAMILY = 1;
			};
			name = Debug;
		};
		G10004 /* Release */ = {
			isa = XCBuildConfiguration;
			buildSettings = {
				ASSETCATALOG_COMPILER_APPICON_NAME = AppIcon;
				ASSETCATALOG_COMPILER_GLOBAL_ACCENT_COLOR_NAME = AccentColor;
				CODE_SIGN_STYLE = Automatic;
				CURRENT_PROJECT_VERSION = 1;
				ENABLE_PREVIEWS = YES;
				GENERATE_INFOPLIST_FILE = YES;
				INFOPLIST_FILE = Info.plist;
				INFOPLIST_KEY_NSCameraUsageDescription = "AcuityPro uses the camera to measure your distance from the screen and ensure accurate vision testing.";
				INFOPLIST_KEY_UIApplicationSceneManifest_Generation = YES;
				INFOPLIST_KEY_UIApplicationSupportsIndirectInputEvents = YES;
				INFOPLIST_KEY_UILaunchScreen_Generation = YES;
				INFOPLIST_KEY_UISupportedInterfaceOrientations = "UIInterfaceOrientationLandscapeLeft UIInterfaceOrientationLandscapeRight UIInterfaceOrientationPortrait";
				LD_RUNPATH_SEARCH_PATHS = (
					"$(inherited)",
					"@executable_path/Frameworks",
				);
				MARKETING_VERSION = 2.1;
				PRODUCT_BUNDLE_IDENTIFIER = net.ausimian.acuitypro;
				PRODUCT_NAME = "$(TARGET_NAME)";
				SUPPORTED_PLATFORMS = "iphoneos iphonesimulator";
				SUPPORTS_MACCATALYST = NO;
				SWIFT_EMIT_LOC_STRINGS = YES;
				SWIFT_VERSION = 5.0;
				TARGETED_DEVICE_FAMILY = 1;
			};
			name = Release;
		};
/* End XCBuildConfiguration section */

/* Begin XCConfigurationList section */
		F10004 /* Build configuration list for PBXNativeTarget "AcuityPro" */ = {
			isa = XCConfigurationList;
			buildConfigurations = (
				G10003 /* Debug */,
				G10004 /* Release */,
			);
			defaultConfigurationIsVisible = 0;
			defaultConfigurationName = Release;
		};
		F10005 /* Build configuration list for PBXProject "AcuityPro" */ = {
			isa = XCConfigurationList;
			buildConfigurations = (
				G10001 /* Debug */,
				G10002 /* Release */,
			);
			defaultConfigurationIsVisible = 0;
			defaultConfigurationName = Release;
		};
/* End XCConfigurationList section */
	};
	rootObject = F10000 /* Project object */;
}
